
Microsoft Visual Studio Solution File, Format Version 12.00
# Visual Studio Version 16
VisualStudioVersion = 16.0.30114.105
MinimumVisualStudioVersion = 10.0.40219.1
Project("{2150E333-8FDC-42A3-9474-1A3956D46DE8}") = "mvc ", "mvc ", "{889139F4-B2EF-468E-8159-323781CE5D46}"
EndProject
Project("{2150E333-8FDC-42A3-9474-1A3956D46DE8}") = "api", "api", "{A8602B01-2342-4886-B21E-3548996A4592}"
EndProject
Project("{FAE04EC0-301F-11D3-BF4B-00C04F79EFBC}") = "pr-mvc", "pr-mvc\pr-mvc.csproj", "{5DEE0C66-A31A-4E01-A2E6-A9299C1351F3}"
EndProject
Global
	GlobalSection(SolutionConfigurationPlatforms) = preSolution
		Debug|Any CPU = Debug|Any CPU
		Release|Any CPU = Release|Any CPU
	EndGlobalSection
	GlobalSection(SolutionProperties) = preSolution
		HideSolutionNode = FALSE
	EndGlobalSection
	GlobalSection(ProjectConfigurationPlatforms) = postSolution
		{5DEE0C66-A31A-4E01-A2E6-A9299C1351F3}.Debug|Any CPU.ActiveCfg = Debug|Any CPU
		{5DEE0C66-A31A-4E01-A2E6-A9299C1351F3}.Debug|Any CPU.Build.0 = Debug|Any CPU
		{5DEE0C66-A31A-4E01-A2E6-A9299C1351F3}.Release|Any CPU.ActiveCfg = Release|Any CPU
		{5DEE0C66-A31A-4E01-A2E6-A9299C1351F3}.Release|Any CPU.Build.0 = Release|Any CPU
	EndGlobalSection
EndGlobal
