
Microsoft Visual Studio Solution File, Format Version 12.00
# Visual Studio Version 17
VisualStudioVersion = 17.3.32819.101
MinimumVisualStudioVersion = 10.0.40219.1
Project("{2150E333-8FDC-42A3-9474-1A3956D46DE8}") = "mvc", "mvc", "{889139F4-B2EF-468E-8159-323781CE5D46}"
EndProject
Project("{2150E333-8FDC-42A3-9474-1A3956D46DE8}") = "api", "api", "{A8602B01-2342-4886-B21E-3548996A4592}"
EndProject
Project("{9A19103F-16F7-4668-BE54-9A1E7A4F7556}") = "pr-mvc", "pr-mvc\pr-mvc.csproj", "{5DEE0C66-A31A-4E01-A2E6-A9299C1351F3}"
EndProject
Project("{2150E333-8FDC-42A3-9474-1A3956D46DE8}") = "NewFolder1", "NewFolder1", "{9FF50E2E-E8C9-458E-BE55-6252F3630C42}"
	ProjectSection(SolutionItems) = preProject
		file.txt = file.txt
	EndProjectSection
EndProject
Project("{FAE04EC0-301F-11D3-BF4B-00C04F79EFBC}") = "ConsoleApp1", "ConsoleApp1\ConsoleApp1.csproj", "{A8F1E7AE-7C8E-403F-8A70-A2E079413897}"
EndProject
Project("{FAE04EC0-301F-11D3-BF4B-00C04F79EFBC}") = "mvcproj", "mvcproj\mvcproj.csproj", "{FC9BBB0B-28CF-47B6-9EA9-20D50678E90B}"
EndProject
Global
	GlobalSection(SolutionConfigurationPlatforms) = preSolution
		Debug|Any CPU = Debug|Any CPU
		Release|Any CPU = Release|Any CPU
	EndGlobalSection
	GlobalSection(ProjectConfigurationPlatforms) = postSolution
		{5DEE0C66-A31A-4E01-A2E6-A9299C1351F3}.Debug|Any CPU.ActiveCfg = Debug|Any CPU
		{5DEE0C66-A31A-4E01-A2E6-A9299C1351F3}.Debug|Any CPU.Build.0 = Debug|Any CPU
		{5DEE0C66-A31A-4E01-A2E6-A9299C1351F3}.Release|Any CPU.ActiveCfg = Release|Any CPU
		{5DEE0C66-A31A-4E01-A2E6-A9299C1351F3}.Release|Any CPU.Build.0 = Release|Any CPU
		{A8F1E7AE-7C8E-403F-8A70-A2E079413897}.Debug|Any CPU.ActiveCfg = Debug|Any CPU
		{A8F1E7AE-7C8E-403F-8A70-A2E079413897}.Debug|Any CPU.Build.0 = Debug|Any CPU
		{A8F1E7AE-7C8E-403F-8A70-A2E079413897}.Release|Any CPU.ActiveCfg = Release|Any CPU
		{A8F1E7AE-7C8E-403F-8A70-A2E079413897}.Release|Any CPU.Build.0 = Release|Any CPU
		{FC9BBB0B-28CF-47B6-9EA9-20D50678E90B}.Debug|Any CPU.ActiveCfg = Debug|Any CPU
		{FC9BBB0B-28CF-47B6-9EA9-20D50678E90B}.Debug|Any CPU.Build.0 = Debug|Any CPU
		{FC9BBB0B-28CF-47B6-9EA9-20D50678E90B}.Release|Any CPU.ActiveCfg = Release|Any CPU
		{FC9BBB0B-28CF-47B6-9EA9-20D50678E90B}.Release|Any CPU.Build.0 = Release|Any CPU
	EndGlobalSection
	GlobalSection(SolutionProperties) = preSolution
		HideSolutionNode = FALSE
	EndGlobalSection
	GlobalSection(NestedProjects) = preSolution
		{A8F1E7AE-7C8E-403F-8A70-A2E079413897} = {9FF50E2E-E8C9-458E-BE55-6252F3630C42}
		{FC9BBB0B-28CF-47B6-9EA9-20D50678E90B} = {889139F4-B2EF-468E-8159-323781CE5D46}
	EndGlobalSection
	GlobalSection(ExtensibilityGlobals) = postSolution
		SolutionGuid = {5EBF81D7-99D8-4665-982A-4B10E2815D9A}
	EndGlobalSection
EndGlobal
